
Microsoft Visual Studio Solution File, Format Version 11.00
# Visual Studio 2010
Project("{FAE04EC0-301F-11D3-BF4B-00C04F79EFBC}") = "SOAPServices", "SOAPServices\SOAPServices.csproj", "{1D34DB3F-61F3-4EDC-8983-EC5ECCE75D63}"
EndProject
Project("{2150E333-8FDC-42A3-9474-1A3956D46DE8}") = "Librerias", "Librerias", "{41AB62FB-DD8D-48CD-8CE8-3410A5FCB87B}"
	ProjectSection(SolutionItems) = preProject
		..\..\NHibernateLibs\Iesi.Collections.dll = ..\..\NHibernateLibs\Iesi.Collections.dll
		..\..\NHibernateLibs\NHibernate.dll = ..\..\NHibernateLibs\NHibernate.dll
	EndProjectSection
EndProject
Global
	GlobalSection(SolutionConfigurationPlatforms) = preSolution
		Debug|Any CPU = Debug|Any CPU
		Release|Any CPU = Release|Any CPU
	EndGlobalSection
	GlobalSection(ProjectConfigurationPlatforms) = postSolution
		{1D34DB3F-61F3-4EDC-8983-EC5ECCE75D63}.Debug|Any CPU.ActiveCfg = Debug|Any CPU
		{1D34DB3F-61F3-4EDC-8983-EC5ECCE75D63}.Debug|Any CPU.Build.0 = Debug|Any CPU
		{1D34DB3F-61F3-4EDC-8983-EC5ECCE75D63}.Release|Any CPU.ActiveCfg = Release|Any CPU
		{1D34DB3F-61F3-4EDC-8983-EC5ECCE75D63}.Release|Any CPU.Build.0 = Release|Any CPU
	EndGlobalSection
	GlobalSection(SolutionProperties) = preSolution
		HideSolutionNode = FALSE
	EndGlobalSection
EndGlobal
